
Microsoft Visual Studio Solution File, Format Version 12.00
# Visual Studio 15
VisualStudioVersion = 15.0.27428.2027
MinimumVisualStudioVersion = 10.0.40219.1
Project("{FAE04EC0-301F-11D3-BF4B-00C04F79EFBC}") = "Shooting_target", "Shooting_target\Shooting_target.csproj", "{8C6D838D-7DC5-4D7C-9877-F51BF0EC2E1F}"
EndProject
Global
	GlobalSection(SolutionConfigurationPlatforms) = preSolution
		Debug|Any CPU = Debug|Any CPU
		Release|Any CPU = Release|Any CPU
	EndGlobalSection
	GlobalSection(ProjectConfigurationPlatforms) = postSolution
		{8C6D838D-7DC5-4D7C-9877-F51BF0EC2E1F}.Debug|Any CPU.ActiveCfg = Debug|Any CPU
		{8C6D838D-7DC5-4D7C-9877-F51BF0EC2E1F}.Debug|Any CPU.Build.0 = Debug|Any CPU
		{8C6D838D-7DC5-4D7C-9877-F51BF0EC2E1F}.Release|Any CPU.ActiveCfg = Release|Any CPU
		{8C6D838D-7DC5-4D7C-9877-F51BF0EC2E1F}.Release|Any CPU.Build.0 = Release|Any CPU
	EndGlobalSection
	GlobalSection(SolutionProperties) = preSolution
		HideSolutionNode = FALSE
	EndGlobalSection
	GlobalSection(ExtensibilityGlobals) = postSolution
		SolutionGuid = {72D78C02-E127-4D8A-A4B1-09E3F2188123}
	EndGlobalSection
EndGlobal
